
Microsoft Visual Studio Solution File, Format Version 12.00
# Visual Studio Version 16
VisualStudioVersion = 16.0.28729.10
MinimumVisualStudioVersion = 10.0.40219.1
Project("{8BC9CEB8-8B4A-11D0-8D11-00A0C91BC942}") = "ajshdflkahdfk", "ajshdflkahdfk\ajshdflkahdfk.vcxproj", "{7FA3D32C-EDD2-40D9-9036-EA973880E34A}"
EndProject
Global
	GlobalSection(SolutionConfigurationPlatforms) = preSolution
		Debug|x64 = Debug|x64
		Debug|x86 = Debug|x86
		Release|x64 = Release|x64
		Release|x86 = Release|x86
	EndGlobalSection
	GlobalSection(ProjectConfigurationPlatforms) = postSolution
		{7FA3D32C-EDD2-40D9-9036-EA973880E34A}.Debug|x64.ActiveCfg = Debug|x64
		{7FA3D32C-EDD2-40D9-9036-EA973880E34A}.Debug|x64.Build.0 = Debug|x64
		{7FA3D32C-EDD2-40D9-9036-EA973880E34A}.Debug|x86.ActiveCfg = Debug|Win32
		{7FA3D32C-EDD2-40D9-9036-EA973880E34A}.Debug|x86.Build.0 = Debug|Win32
		{7FA3D32C-EDD2-40D9-9036-EA973880E34A}.Release|x64.ActiveCfg = Release|x64
		{7FA3D32C-EDD2-40D9-9036-EA973880E34A}.Release|x64.Build.0 = Release|x64
		{7FA3D32C-EDD2-40D9-9036-EA973880E34A}.Release|x86.ActiveCfg = Release|Win32
		{7FA3D32C-EDD2-40D9-9036-EA973880E34A}.Release|x86.Build.0 = Release|Win32
	EndGlobalSection
	GlobalSection(SolutionProperties) = preSolution
		HideSolutionNode = FALSE
	EndGlobalSection
	GlobalSection(ExtensibilityGlobals) = postSolution
		SolutionGuid = {FA5D4D54-F5C7-4BCE-A545-E4128865F748}
	EndGlobalSection
EndGlobal
